// !$*UTF8*$!
{
	archiveVersion = 1;
	classes = {
	};
	objectVersion = 56;
	objects = {

/* Begin PBXBuildFile section */
		BF521009291213A0007F073A /* AppDelegate.swift in Sources */ = {isa = PBXBuildFile; fileRef = BF521008291213A0007F073A /* AppDelegate.swift */; };
		BF52100B291213A0007F073A /* SceneDelegate.swift in Sources */ = {isa = PBXBuildFile; fileRef = BF52100A291213A0007F073A /* SceneDelegate.swift */; };
		BF52100D291213A0007F073A /* ViewController.swift in Sources */ = {isa = PBXBuildFile; fileRef = BF52100C291213A0007F073A /* ViewController.swift */; };
		BF521010291213A0007F073A /* Main.storyboard in Resources */ = {isa = PBXBuildFile; fileRef = BF52100E291213A0007F073A /* Main.storyboard */; };
		BF521012291213A2007F073A /* Assets.xcassets in Resources */ = {isa = PBXBuildFile; fileRef = BF521011291213A2007F073A /* Assets.xcassets */; };
		BF521015291213A2007F073A /* LaunchScreen.storyboard in Resources */ = {isa = PBXBuildFile; fileRef = BF521013291213A2007F073A /* LaunchScreen.storyboard */; };
		BF521020291213A2007F073A /* PartnerUpConnectTests.swift in Sources */ = {isa = PBXBuildFile; fileRef = BF52101F291213A2007F073A /* PartnerUpConnectTests.swift */; };
		BF52102A291213A2007F073A /* PartnerUpConnectUITests.swift in Sources */ = {isa = PBXBuildFile; fileRef = BF521029291213A2007F073A /* PartnerUpConnectUITests.swift */; };
		BF52102C291213A2007F073A /* PartnerUpConnectUITestsLaunchTests.swift in Sources */ = {isa = PBXBuildFile; fileRef = BF52102B291213A2007F073A /* PartnerUpConnectUITestsLaunchTests.swift */; };
/* End PBXBuildFile section */

/* Begin PBXContainerItemProxy section */
		BF52101C291213A2007F073A /* PBXContainerItemProxy */ = {
			isa = PBXContainerItemProxy;
			containerPortal = BF520FFD291213A0007F073A /* Project object */;
			proxyType = 1;
			remoteGlobalIDString = BF521004291213A0007F073A;
			remoteInfo = PartnerUpConnect;
		};
		BF521026291213A2007F073A /* PBXContainerItemProxy */ = {
			isa = PBXContainerItemProxy;
			containerPortal = BF520FFD291213A0007F073A /* Project object */;
			proxyType = 1;
			remoteGlobalIDString = BF521004291213A0007F073A;
			remoteInfo = PartnerUpConnect;
		};
/* End PBXContainerItemProxy section */

/* Begin PBXFileReference section */
		BF521005291213A0007F073A /* PartnerUpConnect.app */ = {isa = PBXFileReference; explicitFileType = wrapper.application; includeInIndex = 0; path = PartnerUpConnect.app; sourceTree = BUILT_PRODUCTS_DIR; };
		BF521008291213A0007F073A /* AppDelegate.swift */ = {isa = PBXFileReference; lastKnownFileType = sourcecode.swift; path = AppDelegate.swift; sourceTree = "<group>"; };
		BF52100A291213A0007F073A /* SceneDelegate.swift */ = {isa = PBXFileReference; lastKnownFileType = sourcecode.swift; path = SceneDelegate.swift; sourceTree = "<group>"; };
		BF52100C291213A0007F073A /* ViewController.swift */ = {isa = PBXFileReference; lastKnownFileType = sourcecode.swift; path = ViewController.swift; sourceTree = "<group>"; };
		BF52100F291213A0007F073A /* Base */ = {isa = PBXFileReference; lastKnownFileType = file.storyboard; name = Base; path = Base.lproj/Main.storyboard; sourceTree = "<group>"; };
		BF521011291213A2007F073A /* Assets.xcassets */ = {isa = PBXFileReference; lastKnownFileType = folder.assetcatalog; path = Assets.xcassets; sourceTree = "<group>"; };
		BF521014291213A2007F073A /* Base */ = {isa = PBXFileReference; lastKnownFileType = file.storyboard; name = Base; path = Base.lproj/LaunchScreen.storyboard; sourceTree = "<group>"; };
		BF521016291213A2007F073A /* Info.plist */ = {isa = PBXFileReference; lastKnownFileType = text.plist.xml; path = Info.plist; sourceTree = "<group>"; };
		BF52101B291213A2007F073A /* PartnerUpConnectTests.xctest */ = {isa = PBXFileReference; explicitFileType = wrapper.cfbundle; includeInIndex = 0; path = PartnerUpConnectTests.xctest; sourceTree = BUILT_PRODUCTS_DIR; };
		BF52101F291213A2007F073A /* PartnerUpConnectTests.swift */ = {isa = PBXFileReference; lastKnownFileType = sourcecode.swift; path = PartnerUpConnectTests.swift; sourceTree = "<group>"; };
		BF521025291213A2007F073A /* PartnerUpConnectUITests.xctest */ = {isa = PBXFileReference; explicitFileType = wrapper.cfbundle; includeInIndex = 0; path = PartnerUpConnectUITests.xctest; sourceTree = BUILT_PRODUCTS_DIR; };
		BF521029291213A2007F073A /* PartnerUpConnectUITests.swift */ = {isa = PBXFileReference; lastKnownFileType = sourcecode.swift; path = PartnerUpConnectUITests.swift; sourceTree = "<group>"; };
		BF52102B291213A2007F073A /* PartnerUpConnectUITestsLaunchTests.swift */ = {isa = PBXFileReference; lastKnownFileType = sourcecode.swift; path = PartnerUpConnectUITestsLaunchTests.swift; sourceTree = "<group>"; };
/* End PBXFileReference section */

/* Begin PBXFrameworksBuildPhase section */
		BF521002291213A0007F073A /* Frameworks */ = {
			isa = PBXFrameworksBuildPhase;
			buildActionMask = 2147483647;
			files = (
			);
			runOnlyForDeploymentPostprocessing = 0;
		};
		BF521018291213A2007F073A /* Frameworks */ = {
			isa = PBXFrameworksBuildPhase;
			buildActionMask = 2147483647;
			files = (
			);
			runOnlyForDeploymentPostprocessing = 0;
		};
		BF521022291213A2007F073A /* Frameworks */ = {
			isa = PBXFrameworksBuildPhase;
			buildActionMask = 2147483647;
			files = (
			);
			runOnlyForDeploymentPostprocessing = 0;
		};
/* End PBXFrameworksBuildPhase section */

/* Begin PBXGroup section */
		BF520FFC291213A0007F073A = {
			isa = PBXGroup;
			children = (
				BF521007291213A0007F073A /* PartnerUpConnect */,
				BF52101E291213A2007F073A /* PartnerUpConnectTests */,
				BF521028291213A2007F073A /* PartnerUpConnectUITests */,
				BF521006291213A0007F073A /* Products */,
			);
			sourceTree = "<group>";
		};
		BF521006291213A0007F073A /* Products */ = {
			isa = PBXGroup;
			children = (
				BF521005291213A0007F073A /* PartnerUpConnect.app */,
				BF52101B291213A2007F073A /* PartnerUpConnectTests.xctest */,
				BF521025291213A2007F073A /* PartnerUpConnectUITests.xctest */,
			);
			name = Products;
			sourceTree = "<group>";
		};
		BF521007291213A0007F073A /* PartnerUpConnect */ = {
			isa = PBXGroup;
			children = (
				BF521008291213A0007F073A /* AppDelegate.swift */,
				BF52100A291213A0007F073A /* SceneDelegate.swift */,
				BF52100C291213A0007F073A /* ViewController.swift */,
				BF52100E291213A0007F073A /* Main.storyboard */,
				BF521011291213A2007F073A /* Assets.xcassets */,
				BF521013291213A2007F073A /* LaunchScreen.storyboard */,
				BF521016291213A2007F073A /* Info.plist */,
			);
			path = PartnerUpConnect;
			sourceTree = "<group>";
		};
		BF52101E291213A2007F073A /* PartnerUpConnectTests */ = {
			isa = PBXGroup;
			children = (
				BF52101F291213A2007F073A /* PartnerUpConnectTests.swift */,
			);
			path = PartnerUpConnectTests;
			sourceTree = "<group>";
		};
		BF521028291213A2007F073A /* PartnerUpConnectUITests */ = {
			isa = PBXGroup;
			children = (
				BF521029291213A2007F073A /* PartnerUpConnectUITests.swift */,
				BF52102B291213A2007F073A /* PartnerUpConnectUITestsLaunchTests.swift */,
			);
			path = PartnerUpConnectUITests;
			sourceTree = "<group>";
		};
/* End PBXGroup section */

/* Begin PBXNativeTarget section */
		BF521004291213A0007F073A /* PartnerUpConnect */ = {
			isa = PBXNativeTarget;
			buildConfigurationList = BF52102F291213A2007F073A /* Build configuration list for PBXNativeTarget "PartnerUpConnect" */;
			buildPhases = (
				BF521001291213A0007F073A /* Sources */,
				BF521002291213A0007F073A /* Frameworks */,
				BF521003291213A0007F073A /* Resources */,
			);
			buildRules = (
			);
			dependencies = (
			);
			name = PartnerUpConnect;
			productName = PartnerUpConnect;
			productReference = BF521005291213A0007F073A /* PartnerUpConnect.app */;
			productType = "com.apple.product-type.application";
		};
		BF52101A291213A2007F073A /* PartnerUpConnectTests */ = {
			isa = PBXNativeTarget;
			buildConfigurationList = BF521032291213A2007F073A /* Build configuration list for PBXNativeTarget "PartnerUpConnectTests" */;
			buildPhases = (
				BF521017291213A2007F073A /* Sources */,
				BF521018291213A2007F073A /* Frameworks */,
				BF521019291213A2007F073A /* Resources */,
			);
			buildRules = (
			);
			dependencies = (
				BF52101D291213A2007F073A /* PBXTargetDependency */,
			);
			name = PartnerUpConnectTests;
			productName = PartnerUpConnectTests;
			productReference = BF52101B291213A2007F073A /* PartnerUpConnectTests.xctest */;
			productType = "com.apple.product-type.bundle.unit-test";
		};
		BF521024291213A2007F073A /* PartnerUpConnectUITests */ = {
			isa = PBXNativeTarget;
			buildConfigurationList = BF521035291213A2007F073A /* Build configuration list for PBXNativeTarget "PartnerUpConnectUITests" */;
			buildPhases = (
				BF521021291213A2007F073A /* Sources */,
				BF521022291213A2007F073A /* Frameworks */,
				BF521023291213A2007F073A /* Resources */,
			);
			buildRules = (
			);
			dependencies = (
				BF521027291213A2007F073A /* PBXTargetDependency */,
			);
			name = PartnerUpConnectUITests;
			productName = PartnerUpConnectUITests;
			productReference = BF521025291213A2007F073A /* PartnerUpConnectUITests.xctest */;
			productType = "com.apple.product-type.bundle.ui-testing";
		};
/* End PBXNativeTarget section */

/* Begin PBXProject section */
		BF520FFD291213A0007F073A /* Project object */ = {
			isa = PBXProject;
			attributes = {
				BuildIndependentTargetsInParallel = 1;
				LastSwiftUpdateCheck = 1400;
				LastUpgradeCheck = 1400;
				TargetAttributes = {
					BF521004291213A0007F073A = {
						CreatedOnToolsVersion = 14.0;
					};
					BF52101A291213A2007F073A = {
						CreatedOnToolsVersion = 14.0;
						TestTargetID = BF521004291213A0007F073A;
					};
					BF521024291213A2007F073A = {
						CreatedOnToolsVersion = 14.0;
						TestTargetID = BF521004291213A0007F073A;
					};
				};
			};
			buildConfigurationList = BF521000291213A0007F073A /* Build configuration list for PBXProject "PartnerUpConnect" */;
			compatibilityVersion = "Xcode 14.0";
			developmentRegion = en;
			hasScannedForEncodings = 0;
			knownRegions = (
				en,
				Base,
			);
			mainGroup = BF520FFC291213A0007F073A;
			productRefGroup = BF521006291213A0007F073A /* Products */;
			projectDirPath = "";
			projectRoot = "";
			targets = (
				BF521004291213A0007F073A /* PartnerUpConnect */,
				BF52101A291213A2007F073A /* PartnerUpConnectTests */,
				BF521024291213A2007F073A /* PartnerUpConnectUITests */,
			);
		};
/* End PBXProject section */

/* Begin PBXResourcesBuildPhase section */
		BF521003291213A0007F073A /* Resources */ = {
			isa = PBXResourcesBuildPhase;
			buildActionMask = 2147483647;
			files = (
				BF521015291213A2007F073A /* LaunchScreen.storyboard in Resources */,
				BF521012291213A2007F073A /* Assets.xcassets in Resources */,
				BF521010291213A0007F073A /* Main.storyboard in Resources */,
			);
			runOnlyForDeploymentPostprocessing = 0;
		};
		BF521019291213A2007F073A /* Resources */ = {
			isa = PBXResourcesBuildPhase;
			buildActionMask = 2147483647;
			files = (
			);
			runOnlyForDeploymentPostprocessing = 0;
		};
		BF521023291213A2007F073A /* Resources */ = {
			isa = PBXResourcesBuildPhase;
			buildActionMask = 2147483647;
			files = (
			);
			runOnlyForDeploymentPostprocessing = 0;
		};
/* End PBXResourcesBuildPhase section */

/* Begin PBXSourcesBuildPhase section */
		BF521001291213A0007F073A /* Sources */ = {
			isa = PBXSourcesBuildPhase;
			buildActionMask = 2147483647;
			files = (
				BF52100D291213A0007F073A /* ViewController.swift in Sources */,
				BF521009291213A0007F073A /* AppDelegate.swift in Sources */,
				BF52100B291213A0007F073A /* SceneDelegate.swift in Sources */,
			);
			runOnlyForDeploymentPostprocessing = 0;
		};
		BF521017291213A2007F073A /* Sources */ = {
			isa = PBXSourcesBuildPhase;
			buildActionMask = 2147483647;
			files = (
				BF521020291213A2007F073A /* PartnerUpConnectTests.swift in Sources */,
			);
			runOnlyForDeploymentPostprocessing = 0;
		};
		BF521021291213A2007F073A /* Sources */ = {
			isa = PBXSourcesBuildPhase;
			buildActionMask = 2147483647;
			files = (
				BF52102A291213A2007F073A /* PartnerUpConnectUITests.swift in Sources */,
				BF52102C291213A2007F073A /* PartnerUpConnectUITestsLaunchTests.swift in Sources */,
			);
			runOnlyForDeploymentPostprocessing = 0;
		};
/* End PBXSourcesBuildPhase section */

/* Begin PBXTargetDependency section */
		BF52101D291213A2007F073A /* PBXTargetDependency */ = {
			isa = PBXTargetDependency;
			target = BF521004291213A0007F073A /* PartnerUpConnect */;
			targetProxy = BF52101C291213A2007F073A /* PBXContainerItemProxy */;
		};
		BF521027291213A2007F073A /* PBXTargetDependency */ = {
			isa = PBXTargetDependency;
			target = BF521004291213A0007F073A /* PartnerUpConnect */;
			targetProxy = BF521026291213A2007F073A /* PBXContainerItemProxy */;
		};
/* End PBXTargetDependency section */

/* Begin PBXVariantGroup section */
		BF52100E291213A0007F073A /* Main.storyboard */ = {
			isa = PBXVariantGroup;
			children = (
				BF52100F291213A0007F073A /* Base */,
			);
			name = Main.storyboard;
			sourceTree = "<group>";
		};
		BF521013291213A2007F073A /* LaunchScreen.storyboard */ = {
			isa = PBXVariantGroup;
			children = (
				BF521014291213A2007F073A /* Base */,
			);
			name = LaunchScreen.storyboard;
			sourceTree = "<group>";
		};
/* End PBXVariantGroup section */

/* Begin XCBuildConfiguration section */
		BF52102D291213A2007F073A /* Debug */ = {
			isa = XCBuildConfiguration;
			buildSettings = {
				ALWAYS_SEARCH_USER_PATHS = NO;
				CLANG_ANALYZER_NONNULL = YES;
				CLANG_ANALYZER_NUMBER_OBJECT_CONVERSION = YES_AGGRESSIVE;
				CLANG_CXX_LANGUAGE_STANDARD = "gnu++20";
				CLANG_ENABLE_MODULES = YES;
				CLANG_ENABLE_OBJC_ARC = YES;
				CLANG_ENABLE_OBJC_WEAK = YES;
				CLANG_WARN_BLOCK_CAPTURE_AUTORELEASING = YES;
				CLANG_WARN_BOOL_CONVERSION = YES;
				CLANG_WARN_COMMA = YES;
				CLANG_WARN_CONSTANT_CONVERSION = YES;
				CLANG_WARN_DEPRECATED_OBJC_IMPLEMENTATIONS = YES;
				CLANG_WARN_DIRECT_OBJC_ISA_USAGE = YES_ERROR;
				CLANG_WARN_DOCUMENTATION_COMMENTS = YES;
				CLANG_WARN_EMPTY_BODY = YES;
				CLANG_WARN_ENUM_CONVERSION = YES;
				CLANG_WARN_INFINITE_RECURSION = YES;
				CLANG_WARN_INT_CONVERSION = YES;
				CLANG_WARN_NON_LITERAL_NULL_CONVERSION = YES;
				CLANG_WARN_OBJC_IMPLICIT_RETAIN_SELF = YES;
				CLANG_WARN_OBJC_LITERAL_CONVERSION = YES;
				CLANG_WARN_OBJC_ROOT_CLASS = YES_ERROR;
				CLANG_WARN_QUOTED_INCLUDE_IN_FRAMEWORK_HEADER = YES;
				CLANG_WARN_RANGE_LOOP_ANALYSIS = YES;
				CLANG_WARN_STRICT_PROTOTYPES = YES;
				CLANG_WARN_SUSPICIOUS_MOVE = YES;
				CLANG_WARN_UNGUARDED_AVAILABILITY = YES_AGGRESSIVE;
				CLANG_WARN_UNREACHABLE_CODE = YES;
				CLANG_WARN__DUPLICATE_METHOD_MATCH = YES;
				COPY_PHASE_STRIP = NO;
				DEBUG_INFORMATION_FORMAT = dwarf;
				ENABLE_STRICT_OBJC_MSGSEND = YES;
				ENABLE_TESTABILITY = YES;
				GCC_C_LANGUAGE_STANDARD = gnu11;
				GCC_DYNAMIC_NO_PIC = NO;
				GCC_NO_COMMON_BLOCKS = YES;
				GCC_OPTIMIZATION_LEVEL = 0;
				GCC_PREPROCESSOR_DEFINITIONS = (
					"DEBUG=1",
					"$(inherited)",
				);
				GCC_WARN_64_TO_32_BIT_CONVERSION = YES;
				GCC_WARN_ABOUT_RETURN_TYPE = YES_ERROR;
				GCC_WARN_UNDECLARED_SELECTOR = YES;
				GCC_WARN_UNINITIALIZED_AUTOS = YES_AGGRESSIVE;
				GCC_WARN_UNUSED_FUNCTION = YES;
				GCC_WARN_UNUSED_VARIABLE = YES;
				IPHONEOS_DEPLOYMENT_TARGET = 16.0;
				MTL_ENABLE_DEBUG_INFO = INCLUDE_SOURCE;
				MTL_FAST_MATH = YES;
				ONLY_ACTIVE_ARCH = YES;
				SDKROOT = iphoneos;
				SWIFT_ACTIVE_COMPILATION_CONDITIONS = DEBUG;
				SWIFT_OPTIMIZATION_LEVEL = "-Onone";
			};
			name = Debug;
		};
		BF52102E291213A2007F073A /* Release */ = {
			isa = XCBuildConfiguration;
			buildSettings = {
				ALWAYS_SEARCH_USER_PATHS = NO;
				CLANG_ANALYZER_NONNULL = YES;
				CLANG_ANALYZER_NUMBER_OBJECT_CONVERSION = YES_AGGRESSIVE;
				CLANG_CXX_LANGUAGE_STANDARD = "gnu++20";
				CLANG_ENABLE_MODULES = YES;
				CLANG_ENABLE_OBJC_ARC = YES;
				CLANG_ENABLE_OBJC_WEAK = YES;
				CLANG_WARN_BLOCK_CAPTURE_AUTORELEASING = YES;
				CLANG_WARN_BOOL_CONVERSION = YES;
				CLANG_WARN_COMMA = YES;
				CLANG_WARN_CONSTANT_CONVERSION = YES;
				CLANG_WARN_DEPRECATED_OBJC_IMPLEMENTATIONS = YES;
				CLANG_WARN_DIRECT_OBJC_ISA_USAGE = YES_ERROR;
				CLANG_WARN_DOCUMENTATION_COMMENTS = YES;
				CLANG_WARN_EMPTY_BODY = YES;
				CLANG_WARN_ENUM_CONVERSION = YES;
				CLANG_WARN_INFINITE_RECURSION = YES;
				CLANG_WARN_INT_CONVERSION = YES;
				CLANG_WARN_NON_LITERAL_NULL_CONVERSION = YES;
				CLANG_WARN_OBJC_IMPLICIT_RETAIN_SELF = YES;
				CLANG_WARN_OBJC_LITERAL_CONVERSION = YES;
				CLANG_WARN_OBJC_ROOT_CLASS = YES_ERROR;
				CLANG_WARN_QUOTED_INCLUDE_IN_FRAMEWORK_HEADER = YES;
				CLANG_WARN_RANGE_LOOP_ANALYSIS = YES;
				CLANG_WARN_STRICT_PROTOTYPES = YES;
				CLANG_WARN_SUSPICIOUS_MOVE = YES;
				CLANG_WARN_UNGUARDED_AVAILABILITY = YES_AGGRESSIVE;
				CLANG_WARN_UNREACHABLE_CODE = YES;
				CLANG_WARN__DUPLICATE_METHOD_MATCH = YES;
				COPY_PHASE_STRIP = NO;
				DEBUG_INFORMATION_FORMAT = "dwarf-with-dsym";
				ENABLE_NS_ASSERTIONS = NO;
				ENABLE_STRICT_OBJC_MSGSEND = YES;
				GCC_C_LANGUAGE_STANDARD = gnu11;
				GCC_NO_COMMON_BLOCKS = YES;
				GCC_WARN_64_TO_32_BIT_CONVERSION = YES;
				GCC_WARN_ABOUT_RETURN_TYPE = YES_ERROR;
				GCC_WARN_UNDECLARED_SELECTOR = YES;
				GCC_WARN_UNINITIALIZED_AUTOS = YES_AGGRESSIVE;
				GCC_WARN_UNUSED_FUNCTION = YES;
				GCC_WARN_UNUSED_VARIABLE = YES;
				IPHONEOS_DEPLOYMENT_TARGET = 16.0;
				MTL_ENABLE_DEBUG_INFO = NO;
				MTL_FAST_MATH = YES;
				SDKROOT = iphoneos;
				SWIFT_COMPILATION_MODE = wholemodule;
				SWIFT_OPTIMIZATION_LEVEL = "-O";
				VALIDATE_PRODUCT = YES;
			};
			name = Release;
		};
		BF521030291213A2007F073A /* Debug */ = {
			isa = XCBuildConfiguration;
			buildSettings = {
				ASSETCATALOG_COMPILER_APPICON_NAME = AppIcon;
				ASSETCATALOG_COMPILER_GLOBAL_ACCENT_COLOR_NAME = AccentColor;
				CODE_SIGN_STYLE = Automatic;
				CURRENT_PROJECT_VERSION = 1;
				GENERATE_INFOPLIST_FILE = YES;
				INFOPLIST_FILE = PartnerUpConnect/Info.plist;
				INFOPLIST_KEY_UIApplicationSupportsIndirectInputEvents = YES;
				INFOPLIST_KEY_UILaunchStoryboardName = LaunchScreen;
				INFOPLIST_KEY_UIMainStoryboardFile = Main;
				INFOPLIST_KEY_UISupportedInterfaceOrientations_iPad = "UIInterfaceOrientationPortrait UIInterfaceOrientationPortraitUpsideDown UIInterfaceOrientationLandscapeLeft UIInterfaceOrientationLandscapeRight";
				INFOPLIST_KEY_UISupportedInterfaceOrientations_iPhone = "UIInterfaceOrientationPortrait UIInterfaceOrientationLandscapeLeft UIInterfaceOrientationLandscapeRight";
				LD_RUNPATH_SEARCH_PATHS = (
					"$(inherited)",
					"@executable_path/Frameworks",
				);
				MARKETING_VERSION = 1.0;
				PRODUCT_BUNDLE_IDENTIFIER = ait.edu.au.PartnerUpConnect;
				PRODUCT_NAME = "$(TARGET_NAME)";
				SWIFT_EMIT_LOC_STRINGS = YES;
				SWIFT_VERSION = 5.0;
				TARGETED_DEVICE_FAMILY = "1,2";
			};
			name = Debug;
		};
		BF521031291213A2007F073A /* Release */ = {
			isa = XCBuildConfiguration;
			buildSettings = {
				ASSETCATALOG_COMPILER_APPICON_NAME = AppIcon;
				ASSETCATALOG_COMPILER_GLOBAL_ACCENT_COLOR_NAME = AccentColor;
				CODE_SIGN_STYLE = Automatic;
				CURRENT_PROJECT_VERSION = 1;
				GENERATE_INFOPLIST_FILE = YES;
				INFOPLIST_FILE = PartnerUpConnect/Info.plist;
				INFOPLIST_KEY_UIApplicationSupportsIndirectInputEvents = YES;
				INFOPLIST_KEY_UILaunchStoryboardName = LaunchScreen;
				INFOPLIST_KEY_UIMainStoryboardFile = Main;
				INFOPLIST_KEY_UISupportedInterfaceOrientations_iPad = "UIInterfaceOrientationPortrait UIInterfaceOrientationPortraitUpsideDown UIInterfaceOrientationLandscapeLeft UIInterfaceOrientationLandscapeRight";
				INFOPLIST_KEY_UISupportedInterfaceOrientations_iPhone = "UIInterfaceOrientationPortrait UIInterfaceOrientationLandscapeLeft UIInterfaceOrientationLandscapeRight";
				LD_RUNPATH_SEARCH_PATHS = (
					"$(inherited)",
					"@executable_path/Frameworks",
				);
				MARKETING_VERSION = 1.0;
				PRODUCT_BUNDLE_IDENTIFIER = ait.edu.au.PartnerUpConnect;
				PRODUCT_NAME = "$(TARGET_NAME)";
				SWIFT_EMIT_LOC_STRINGS = YES;
				SWIFT_VERSION = 5.0;
				TARGETED_DEVICE_FAMILY = "1,2";
			};
			name = Release;
		};
		BF521033291213A2007F073A /* Debug */ = {
			isa = XCBuildConfiguration;
			buildSettings = {
				ALWAYS_EMBED_SWIFT_STANDARD_LIBRARIES = YES;
				BUNDLE_LOADER = "$(TEST_HOST)";
				CODE_SIGN_STYLE = Automatic;
				CURRENT_PROJECT_VERSION = 1;
				GENERATE_INFOPLIST_FILE = YES;
				IPHONEOS_DEPLOYMENT_TARGET = 16.0;
				MARKETING_VERSION = 1.0;
				PRODUCT_BUNDLE_IDENTIFIER = ait.edu.au.PartnerUpConnectTests;
				PRODUCT_NAME = "$(TARGET_NAME)";
				SWIFT_EMIT_LOC_STRINGS = NO;
				SWIFT_VERSION = 5.0;
				TARGETED_DEVICE_FAMILY = "1,2";
				TEST_HOST = "$(BUILT_PRODUCTS_DIR)/PartnerUpConnect.app/$(BUNDLE_EXECUTABLE_FOLDER_PATH)/PartnerUpConnect";
			};
			name = Debug;
		};
		BF521034291213A2007F073A /* Release */ = {
			isa = XCBuildConfiguration;
			buildSettings = {
				ALWAYS_EMBED_SWIFT_STANDARD_LIBRARIES = YES;
				BUNDLE_LOADER = "$(TEST_HOST)";
				CODE_SIGN_STYLE = Automatic;
				CURRENT_PROJECT_VERSION = 1;
				GENERATE_INFOPLIST_FILE = YES;
				IPHONEOS_DEPLOYMENT_TARGET = 16.0;
				MARKETING_VERSION = 1.0;
				PRODUCT_BUNDLE_IDENTIFIER = ait.edu.au.PartnerUpConnectTests;
				PRODUCT_NAME = "$(TARGET_NAME)";
				SWIFT_EMIT_LOC_STRINGS = NO;
				SWIFT_VERSION = 5.0;
				TARGETED_DEVICE_FAMILY = "1,2";
				TEST_HOST = "$(BUILT_PRODUCTS_DIR)/PartnerUpConnect.app/$(BUNDLE_EXECUTABLE_FOLDER_PATH)/PartnerUpConnect";
			};
			name = Release;
		};
		BF521036291213A2007F073A /* Debug */ = {
			isa = XCBuildConfiguration;
			buildSettings = {
				ALWAYS_EMBED_SWIFT_STANDARD_LIBRARIES = YES;
				CODE_SIGN_STYLE = Automatic;
				CURRENT_PROJECT_VERSION = 1;
				GENERATE_INFOPLIST_FILE = YES;
				MARKETING_VERSION = 1.0;
				PRODUCT_BUNDLE_IDENTIFIER = ait.edu.au.PartnerUpConnectUITests;
				PRODUCT_NAME = "$(TARGET_NAME)";
				SWIFT_EMIT_LOC_STRINGS = NO;
				SWIFT_VERSION = 5.0;
				TARGETED_DEVICE_FAMILY = "1,2";
				TEST_TARGET_NAME = PartnerUpConnect;
			};
			name = Debug;
		};
		BF521037291213A2007F073A /* Release */ = {
			isa = XCBuildConfiguration;
			buildSettings = {
				ALWAYS_EMBED_SWIFT_STANDARD_LIBRARIES = YES;
				CODE_SIGN_STYLE = Automatic;
				CURRENT_PROJECT_VERSION = 1;
				GENERATE_INFOPLIST_FILE = YES;
				MARKETING_VERSION = 1.0;
				PRODUCT_BUNDLE_IDENTIFIER = ait.edu.au.PartnerUpConnectUITests;
				PRODUCT_NAME = "$(TARGET_NAME)";
				SWIFT_EMIT_LOC_STRINGS = NO;
				SWIFT_VERSION = 5.0;
				TARGETED_DEVICE_FAMILY = "1,2";
				TEST_TARGET_NAME = PartnerUpConnect;
			};
			name = Release;
		};
/* End XCBuildConfiguration section */

/* Begin XCConfigurationList section */
		BF521000291213A0007F073A /* Build configuration list for PBXProject "PartnerUpConnect" */ = {
			isa = XCConfigurationList;
			buildConfigurations = (
				BF52102D291213A2007F073A /* Debug */,
				BF52102E291213A2007F073A /* Release */,
			);
			defaultConfigurationIsVisible = 0;
			defaultConfigurationName = Release;
		};
		BF52102F291213A2007F073A /* Build configuration list for PBXNativeTarget "PartnerUpConnect" */ = {
			isa = XCConfigurationList;
			buildConfigurations = (
				BF521030291213A2007F073A /* Debug */,
				BF521031291213A2007F073A /* Release */,
			);
			defaultConfigurationIsVisible = 0;
			defaultConfigurationName = Release;
		};
		BF521032291213A2007F073A /* Build configuration list for PBXNativeTarget "PartnerUpConnectTests" */ = {
			isa = XCConfigurationList;
			buildConfigurations = (
				BF521033291213A2007F073A /* Debug */,
				BF521034291213A2007F073A /* Release */,
			);
			defaultConfigurationIsVisible = 0;
			defaultConfigurationName = Release;
		};
		BF521035291213A2007F073A /* Build configuration list for PBXNativeTarget "PartnerUpConnectUITests" */ = {
			isa = XCConfigurationList;
			buildConfigurations = (
				BF521036291213A2007F073A /* Debug */,
				BF521037291213A2007F073A /* Release */,
			);
			defaultConfigurationIsVisible = 0;
			defaultConfigurationName = Release;
		};
/* End XCConfigurationList section */
	};
	rootObject = BF520FFD291213A0007F073A /* Project object */;
}
